
Microsoft Visual Studio Solution File, Format Version 12.00
# Visual Studio Version 17
VisualStudioVersion = 17.5.33516.290
MinimumVisualStudioVersion = 10.0.40219.1
Project("{9A19103F-16F7-4668-BE54-9A1E7A4F7556}") = "O73Z62_HFT_2022231.Client", "O73Z62_HFT_2022231.Client\O73Z62_HFT_2022231.Client.csproj", "{4CB1A689-46F4-46E7-9319-A7195BDF09EF}"
EndProject
Project("{9A19103F-16F7-4668-BE54-9A1E7A4F7556}") = "O73Z62_HFT_2022231.Models", "O73Z62_HFT_2022231.Models\O73Z62_HFT_2022231.Models.csproj", "{B2976BE6-61CB-4289-B641-89DEE2CC8B4A}"
EndProject
Project("{9A19103F-16F7-4668-BE54-9A1E7A4F7556}") = "O73Z62_HFT_2022231.Logic", "O73Z62_HFT_2022231.Logic\O73Z62_HFT_2022231.Logic.csproj", "{92606C6E-5E48-4716-9CA1-211E24FC6EE6}"
EndProject
Project("{9A19103F-16F7-4668-BE54-9A1E7A4F7556}") = "O73Z62_HFT_2022231.Repository", "O73Z62_HFT_2022231.Repository\O73Z62_HFT_2022231.Repository.csproj", "{00FA9DC0-492D-4C32-97E3-5B9F9AB5F638}"
EndProject
Project("{9A19103F-16F7-4668-BE54-9A1E7A4F7556}") = "O73Z62_HFT_2022231.Test", "O73Z62_HFT_2022231.Test\O73Z62_HFT_2022231.Test.csproj", "{1FF24644-2B0A-43F5-B408-972477C485F6}"
EndProject
Project("{2150E333-8FDC-42A3-9474-1A3956D46DE8}") = "Backend", "Backend", "{A96F92BD-4BC7-49D1-914B-1D6D82B64557}"
EndProject
Project("{2150E333-8FDC-42A3-9474-1A3956D46DE8}") = "Frontend", "Frontend", "{E14267C5-7B98-494A-80B3-BFAAD0C5D45E}"
EndProject
Project("{2150E333-8FDC-42A3-9474-1A3956D46DE8}") = "Shared", "Shared", "{CCE7D6E1-D22B-4F96-A397-2CA599A8F061}"
EndProject
Project("{2150E333-8FDC-42A3-9474-1A3956D46DE8}") = "Others", "Others", "{787CBFE5-8474-4567-9A7F-8B8C43EDC8BB}"
	ProjectSection(SolutionItems) = preProject
		.gitignore = .gitignore
	EndProjectSection
EndProject
Project("{9A19103F-16F7-4668-BE54-9A1E7A4F7556}") = "O73Z62_HFT_2022231.Endpoint", "O73Z62_HFT_2022231.EndpointNew\O73Z62_HFT_2022231.Endpoint.csproj", "{38184C68-C304-443F-B590-E40864BB920C}"
EndProject
Project("{FAE04EC0-301F-11D3-BF4B-00C04F79EFBC}") = "O73Z62_GUI_2022232.WpfClient", "O73Z62_GUI_2022232.WpfClient\O73Z62_GUI_2022232.WpfClient.csproj", "{BD4DF0B3-5D7B-4B59-A90D-D6DCE55F40C6}"
EndProject
Global
	GlobalSection(SolutionConfigurationPlatforms) = preSolution
		Debug|Any CPU = Debug|Any CPU
		Release|Any CPU = Release|Any CPU
	EndGlobalSection
	GlobalSection(ProjectConfigurationPlatforms) = postSolution
		{4CB1A689-46F4-46E7-9319-A7195BDF09EF}.Debug|Any CPU.ActiveCfg = Debug|Any CPU
		{4CB1A689-46F4-46E7-9319-A7195BDF09EF}.Debug|Any CPU.Build.0 = Debug|Any CPU
		{4CB1A689-46F4-46E7-9319-A7195BDF09EF}.Release|Any CPU.ActiveCfg = Release|Any CPU
		{4CB1A689-46F4-46E7-9319-A7195BDF09EF}.Release|Any CPU.Build.0 = Release|Any CPU
		{B2976BE6-61CB-4289-B641-89DEE2CC8B4A}.Debug|Any CPU.ActiveCfg = Debug|Any CPU
		{B2976BE6-61CB-4289-B641-89DEE2CC8B4A}.Debug|Any CPU.Build.0 = Debug|Any CPU
		{B2976BE6-61CB-4289-B641-89DEE2CC8B4A}.Release|Any CPU.ActiveCfg = Release|Any CPU
		{B2976BE6-61CB-4289-B641-89DEE2CC8B4A}.Release|Any CPU.Build.0 = Release|Any CPU
		{92606C6E-5E48-4716-9CA1-211E24FC6EE6}.Debug|Any CPU.ActiveCfg = Debug|Any CPU
		{92606C6E-5E48-4716-9CA1-211E24FC6EE6}.Debug|Any CPU.Build.0 = Debug|Any CPU
		{92606C6E-5E48-4716-9CA1-211E24FC6EE6}.Release|Any CPU.ActiveCfg = Release|Any CPU
		{92606C6E-5E48-4716-9CA1-211E24FC6EE6}.Release|Any CPU.Build.0 = Release|Any CPU
		{00FA9DC0-492D-4C32-97E3-5B9F9AB5F638}.Debug|Any CPU.ActiveCfg = Debug|Any CPU
		{00FA9DC0-492D-4C32-97E3-5B9F9AB5F638}.Debug|Any CPU.Build.0 = Debug|Any CPU
		{00FA9DC0-492D-4C32-97E3-5B9F9AB5F638}.Release|Any CPU.ActiveCfg = Release|Any CPU
		{00FA9DC0-492D-4C32-97E3-5B9F9AB5F638}.Release|Any CPU.Build.0 = Release|Any CPU
		{1FF24644-2B0A-43F5-B408-972477C485F6}.Debug|Any CPU.ActiveCfg = Debug|Any CPU
		{1FF24644-2B0A-43F5-B408-972477C485F6}.Debug|Any CPU.Build.0 = Debug|Any CPU
		{1FF24644-2B0A-43F5-B408-972477C485F6}.Release|Any CPU.ActiveCfg = Release|Any CPU
		{1FF24644-2B0A-43F5-B408-972477C485F6}.Release|Any CPU.Build.0 = Release|Any CPU
		{38184C68-C304-443F-B590-E40864BB920C}.Debug|Any CPU.ActiveCfg = Debug|Any CPU
		{38184C68-C304-443F-B590-E40864BB920C}.Debug|Any CPU.Build.0 = Debug|Any CPU
		{38184C68-C304-443F-B590-E40864BB920C}.Release|Any CPU.ActiveCfg = Release|Any CPU
		{38184C68-C304-443F-B590-E40864BB920C}.Release|Any CPU.Build.0 = Release|Any CPU
		{BD4DF0B3-5D7B-4B59-A90D-D6DCE55F40C6}.Debug|Any CPU.ActiveCfg = Debug|Any CPU
		{BD4DF0B3-5D7B-4B59-A90D-D6DCE55F40C6}.Debug|Any CPU.Build.0 = Debug|Any CPU
		{BD4DF0B3-5D7B-4B59-A90D-D6DCE55F40C6}.Release|Any CPU.ActiveCfg = Release|Any CPU
		{BD4DF0B3-5D7B-4B59-A90D-D6DCE55F40C6}.Release|Any CPU.Build.0 = Release|Any CPU
	EndGlobalSection
	GlobalSection(SolutionProperties) = preSolution
		HideSolutionNode = FALSE
	EndGlobalSection
	GlobalSection(NestedProjects) = preSolution
		{4CB1A689-46F4-46E7-9319-A7195BDF09EF} = {E14267C5-7B98-494A-80B3-BFAAD0C5D45E}
		{B2976BE6-61CB-4289-B641-89DEE2CC8B4A} = {CCE7D6E1-D22B-4F96-A397-2CA599A8F061}
		{92606C6E-5E48-4716-9CA1-211E24FC6EE6} = {A96F92BD-4BC7-49D1-914B-1D6D82B64557}
		{00FA9DC0-492D-4C32-97E3-5B9F9AB5F638} = {A96F92BD-4BC7-49D1-914B-1D6D82B64557}
		{1FF24644-2B0A-43F5-B408-972477C485F6} = {A96F92BD-4BC7-49D1-914B-1D6D82B64557}
		{38184C68-C304-443F-B590-E40864BB920C} = {A96F92BD-4BC7-49D1-914B-1D6D82B64557}
		{BD4DF0B3-5D7B-4B59-A90D-D6DCE55F40C6} = {E14267C5-7B98-494A-80B3-BFAAD0C5D45E}
	EndGlobalSection
	GlobalSection(ExtensibilityGlobals) = postSolution
		SolutionGuid = {D61ABD9B-5FBC-47DC-83EE-D18C030F4510}
	EndGlobalSection
EndGlobal
